# THIS IS AN AUTOGENERATED FILE. DO NOT EDIT THIS FILE DIRECTLY.
# yarn lockfile v1


"js-tokens@^3.0.0 || ^4.0.0":
  version "4.0.0"
  resolved "https://registry.yarnpkg.com/js-tokens/-/js-tokens-4.0.0.tgz#19203fb59991df98e3a287050d4647cdeaf32499"
  integrity sha512-RdJUflcE3cUzKiMqQgsCu06FPu9UdIJO0beYbPhHN4k6apgJtifcoCtT9bcxOpYBtpD2kCM6Sbzg4CausW/PKQ==

loose-envify@^1.1.0:
  version "1.4.0"
  resolved "https://registry.yarnpkg.com/loose-envify/-/loose-envify-1.4.0.tgz#71ee51fa7be4caec1a63839f7e682d8132d30caf"
  integrity sha512-lyuxPGr/Wfhrlem2CL/UcnUc1zcqKAImBDzukY7Y5F/yQiNdko6+fRLevlw1HgMySw7f611UIY408EtxRSoK3Q==
  dependencies:
    js-tokens "^3.0.0 || ^4.0.0"

object-assign@^4.1.1:
  version "4.1.1"
  resolved "https://registry.yarnpkg.com/object-assign/-/object-assign-4.1.1.tgz#2109adc7965887cfc05cbbd442cac8bfbb360863"
  integrity sha1-IQmtx5ZYh8/AXLvUQsrIv7s2CGM=

react-multilevel-dropdown@^2.0.0:
  version "2.0.0"
  resolved "https://registry.yarnpkg.com/react-multilevel-dropdown/-/react-multilevel-dropdown-2.0.0.tgz#34144a889e45df4a90c87d81b4aa8ed635959179"
  integrity sha512-yrGW7I7RuMBOPlmq+gqx0dYT6lGTzm9TFT8YlyPsbxMyK65Dir9XwU1hRdnSPkk2FoncGhEkji43XyiMYrCcEA==
  dependencies:
    react-style-classes "^2.0.2"

react-style-classes@^2.0.2:
  version "2.0.3"
  resolved "https://registry.yarnpkg.com/react-style-classes/-/react-style-classes-2.0.3.tgz#4af25b75048fd8b1b10a41c2d50b5d3d857c260e"
  integrity sha512-GVkst4dq8n5bckKDcucTQvIuS5gzGX0BGE3OqaWZsN6eeesrvmyqLW+qyTSCYizWw8xpQ5+18Yxeqnm8iID13A==

react@^17.0.2:
  version "17.0.2"
  resolved "https://registry.yarnpkg.com/react/-/react-17.0.2.tgz#d0b5cc516d29eb3eee383f75b62864cfb6800037"
  integrity sha512-gnhPt75i/dq/z3/6q/0asP78D0u592D5L1pd7M8P+dck6Fu/jJeL6iVVK23fptSUZj8Vjf++7wXA8UNclGQcbA==
  dependencies:
    loose-envify "^1.1.0"
    object-assign "^4.1.1"
